
Microsoft Visual Studio Solution File, Format Version 12.00
# Visual Studio Version 16
VisualStudioVersion = 25.0.1700.6
MinimumVisualStudioVersion = 10.0.40219.1
Project("{FAE04EC0-301F-11D3-BF4B-00C04F79EFBC}") = "vn_mode_csharp_dz30", "vn_mode_csharp_dz30.csproj", "{CD3967F1-5590-4B0E-9A68-FD650FB2CCF1}"
EndProject
Global
	GlobalSection(SolutionConfigurationPlatforms) = preSolution
		Debug|Any CPU = Debug|Any CPU
		Release|Any CPU = Release|Any CPU
	EndGlobalSection
	GlobalSection(ProjectConfigurationPlatforms) = postSolution
		{CD3967F1-5590-4B0E-9A68-FD650FB2CCF1}.Debug|Any CPU.ActiveCfg = Debug|Any CPU
		{CD3967F1-5590-4B0E-9A68-FD650FB2CCF1}.Debug|Any CPU.Build.0 = Debug|Any CPU
		{CD3967F1-5590-4B0E-9A68-FD650FB2CCF1}.Release|Any CPU.ActiveCfg = Release|Any CPU
		{CD3967F1-5590-4B0E-9A68-FD650FB2CCF1}.Release|Any CPU.Build.0 = Release|Any CPU
	EndGlobalSection
	GlobalSection(SolutionProperties) = preSolution
		HideSolutionNode = FALSE
	EndGlobalSection
	GlobalSection(ExtensibilityGlobals) = postSolution
		SolutionGuid = {28C9ABAE-E3C1-4A99-B731-B2ACA13B8EE9}
	EndGlobalSection
EndGlobal
